Microsoft Visual Studio Solution File, Format Version 11.00
# Visual Studio 2008

Project("{FEAA0348-582F-E2D6-3AC4-1B51296B0C20}") = "Senior Project", "Assembly-CSharp-firstpass.csproj", "{FE2BBD6A-6C81-0CB0-872D-2458D7624B6C}"
EndProject
Project("{FEAA0348-582F-E2D6-3AC4-1B51296B0C20}") = "Senior Project", "Assembly-UnityScript-firstpass.unityproj", "{B1C6EBC4-AC20-90C9-64C2-0D7573F27594}"
EndProject
Project("{FEAA0348-582F-E2D6-3AC4-1B51296B0C20}") = "Senior Project", "Assembly-UnityScript.unityproj", "{F62837FF-95B5-79B4-0DAA-3825634AED07}"
EndProject
Global
	GlobalSection(SolutionConfigurationPlatforms) = preSolution
		Debug|Any CPU = Debug|Any CPU
		Release|Any CPU = Release|Any CPU
	EndGlobalSection
	GlobalSection(ProjectConfigurationPlatforms) = postSolution
		{FE2BBD6A-6C81-0CB0-872D-2458D7624B6C}.Debug|Any CPU.ActiveCfg = Debug|Any CPU
		{FE2BBD6A-6C81-0CB0-872D-2458D7624B6C}.Debug|Any CPU.Build.0 = Debug|Any CPU
		{FE2BBD6A-6C81-0CB0-872D-2458D7624B6C}.Release|Any CPU.ActiveCfg = Release|Any CPU
		{FE2BBD6A-6C81-0CB0-872D-2458D7624B6C}.Release|Any CPU.Build.0 = Release|Any CPU
		{B1C6EBC4-AC20-90C9-64C2-0D7573F27594}.Debug|Any CPU.ActiveCfg = Debug|Any CPU
		{B1C6EBC4-AC20-90C9-64C2-0D7573F27594}.Debug|Any CPU.Build.0 = Debug|Any CPU
		{B1C6EBC4-AC20-90C9-64C2-0D7573F27594}.Release|Any CPU.ActiveCfg = Release|Any CPU
		{B1C6EBC4-AC20-90C9-64C2-0D7573F27594}.Release|Any CPU.Build.0 = Release|Any CPU
		{F62837FF-95B5-79B4-0DAA-3825634AED07}.Debug|Any CPU.ActiveCfg = Debug|Any CPU
		{F62837FF-95B5-79B4-0DAA-3825634AED07}.Debug|Any CPU.Build.0 = Debug|Any CPU
		{F62837FF-95B5-79B4-0DAA-3825634AED07}.Release|Any CPU.ActiveCfg = Release|Any CPU
		{F62837FF-95B5-79B4-0DAA-3825634AED07}.Release|Any CPU.Build.0 = Release|Any CPU
	EndGlobalSection
	GlobalSection(SolutionProperties) = preSolution
		HideSolutionNode = FALSE
	EndGlobalSection
						GlobalSection(MonoDevelopProperties) = preSolution
		StartupItem = Assembly-CSharp.csproj
		Policies = $0
		$0.TextStylePolicy = $1
		$1.inheritsSet = null
		$1.scope = text/x-csharp
		$0.CSharpFormattingPolicy = $2
		$2.inheritsSet = Mono
		$2.inheritsScope = text/x-csharp
		$2.scope = text/x-csharp
		$0.TextStylePolicy = $3
		$3.FileWidth = 120
		$3.TabWidth = 4
		$3.EolMarker = Unix
		$3.inheritsSet = Mono
		$3.inheritsScope = text/plain
		$3.scope = text/plain
	EndGlobalSection

EndGlobal
